
Microsoft Visual Studio Solution File, Format Version 12.00
# Visual Studio Version 16
VisualStudioVersion = 16.0.29613.14
MinimumVisualStudioVersion = 10.0.40219.1
Project("{2150E333-8FDC-42A3-9474-1A3956D46DE8}") = "Solution Items", "Solution Items", "{BFC8FBDC-57A1-4C42-9784-366BA8ECB41E}"
	ProjectSection(SolutionItems) = preProject
		TODO.txt = TODO.txt
	EndProjectSection
EndProject
Project("{8BC9CEB8-8B4A-11D0-8D11-00A0C91BC942}") = "Engine", "Engine\DogwoodEngine.vcxproj", "{4B10D975-447F-4CFE-A0E7-82ED87E6D3F1}"
EndProject
Project("{8BC9CEB8-8B4A-11D0-8D11-00A0C91BC942}") = "Editor", "Editor\DogwoodEditor.vcxproj", "{0850EF57-40FB-38D0-B4D6-953C14DE6E8A}"
EndProject
Project("{8BC9CEB8-8B4A-11D0-8D11-00A0C91BC942}") = "GameGL", "GameGL\GameGL.vcxproj", "{15A870E0-30AD-4006-90D1-2FC93EBFF49B}"
EndProject
Project("{8BC9CEB8-8B4A-11D0-8D11-00A0C91BC942}") = "EditorDX", "EditorDX\EditorDX.vcxproj", "{095B0E45-6230-42E4-9E68-CADE4AB8F955}"
EndProject
Project("{8BC9CEB8-8B4A-11D0-8D11-00A0C91BC942}") = "GameDX", "GameDX\GameDX.vcxproj", "{C001B305-F618-4749-BDCE-76A893D42460}"
EndProject
Global
	GlobalSection(SolutionConfigurationPlatforms) = preSolution
		Debug_DX|ARM = Debug_DX|ARM
		Debug_DX|ARM64 = Debug_DX|ARM64
		Debug_DX|Win32 = Debug_DX|Win32
		Debug_DX|x64 = Debug_DX|x64
		Debug_GL|ARM = Debug_GL|ARM
		Debug_GL|ARM64 = Debug_GL|ARM64
		Debug_GL|Win32 = Debug_GL|Win32
		Debug_GL|x64 = Debug_GL|x64
		Debug|ARM = Debug|ARM
		Debug|ARM64 = Debug|ARM64
		Debug|Win32 = Debug|Win32
		Debug|x64 = Debug|x64
		Debug-Dll|ARM = Debug-Dll|ARM
		Debug-Dll|ARM64 = Debug-Dll|ARM64
		Debug-Dll|Win32 = Debug-Dll|Win32
		Debug-Dll|x64 = Debug-Dll|x64
		Debug-Lib|ARM = Debug-Lib|ARM
		Debug-Lib|ARM64 = Debug-Lib|ARM64
		Debug-Lib|Win32 = Debug-Lib|Win32
		Debug-Lib|x64 = Debug-Lib|x64
		Release|ARM = Release|ARM
		Release|ARM64 = Release|ARM64
		Release|Win32 = Release|Win32
		Release|x64 = Release|x64
		Release-Dll|ARM = Release-Dll|ARM
		Release-Dll|ARM64 = Release-Dll|ARM64
		Release-Dll|Win32 = Release-Dll|Win32
		Release-Dll|x64 = Release-Dll|x64
		Release-Lib|ARM = Release-Lib|ARM
		Release-Lib|ARM64 = Release-Lib|ARM64
		Release-Lib|Win32 = Release-Lib|Win32
		Release-Lib|x64 = Release-Lib|x64
	EndGlobalSection
	GlobalSection(ProjectConfigurationPlatforms) = postSolution
		{4B10D975-447F-4CFE-A0E7-82ED87E6D3F1}.Debug_DX|ARM.ActiveCfg = Debug_DX|Win32
		{4B10D975-447F-4CFE-A0E7-82ED87E6D3F1}.Debug_DX|ARM64.ActiveCfg = Debug_DX|Win32
		{4B10D975-447F-4CFE-A0E7-82ED87E6D3F1}.Debug_DX|Win32.ActiveCfg = Debug_DX|Win32
		{4B10D975-447F-4CFE-A0E7-82ED87E6D3F1}.Debug_DX|Win32.Build.0 = Debug_DX|Win32
		{4B10D975-447F-4CFE-A0E7-82ED87E6D3F1}.Debug_DX|x64.ActiveCfg = Debug_DX|x64
		{4B10D975-447F-4CFE-A0E7-82ED87E6D3F1}.Debug_DX|x64.Build.0 = Debug_DX|x64
		{4B10D975-447F-4CFE-A0E7-82ED87E6D3F1}.Debug_GL|ARM.ActiveCfg = Debug_GL|Win32
		{4B10D975-447F-4CFE-A0E7-82ED87E6D3F1}.Debug_GL|ARM64.ActiveCfg = Debug_GL|Win32
		{4B10D975-447F-4CFE-A0E7-82ED87E6D3F1}.Debug_GL|Win32.ActiveCfg = Debug_GL|Win32
		{4B10D975-447F-4CFE-A0E7-82ED87E6D3F1}.Debug_GL|Win32.Build.0 = Debug_GL|Win32
		{4B10D975-447F-4CFE-A0E7-82ED87E6D3F1}.Debug_GL|x64.ActiveCfg = Debug_GL|x64
		{4B10D975-447F-4CFE-A0E7-82ED87E6D3F1}.Debug_GL|x64.Build.0 = Debug_GL|x64
		{4B10D975-447F-4CFE-A0E7-82ED87E6D3F1}.Debug|ARM.ActiveCfg = Debug|Win32
		{4B10D975-447F-4CFE-A0E7-82ED87E6D3F1}.Debug|ARM64.ActiveCfg = Debug|Win32
		{4B10D975-447F-4CFE-A0E7-82ED87E6D3F1}.Debug|Win32.ActiveCfg = Debug_DX|Win32
		{4B10D975-447F-4CFE-A0E7-82ED87E6D3F1}.Debug|Win32.Build.0 = Debug_DX|Win32
		{4B10D975-447F-4CFE-A0E7-82ED87E6D3F1}.Debug|x64.ActiveCfg = Debug|x64
		{4B10D975-447F-4CFE-A0E7-82ED87E6D3F1}.Debug|x64.Build.0 = Debug|x64
		{4B10D975-447F-4CFE-A0E7-82ED87E6D3F1}.Debug-Dll|ARM.ActiveCfg = Release|x64
		{4B10D975-447F-4CFE-A0E7-82ED87E6D3F1}.Debug-Dll|ARM.Build.0 = Release|x64
		{4B10D975-447F-4CFE-A0E7-82ED87E6D3F1}.Debug-Dll|ARM64.ActiveCfg = Release|x64
		{4B10D975-447F-4CFE-A0E7-82ED87E6D3F1}.Debug-Dll|ARM64.Build.0 = Release|x64
		{4B10D975-447F-4CFE-A0E7-82ED87E6D3F1}.Debug-Dll|Win32.ActiveCfg = Debug|Win32
		{4B10D975-447F-4CFE-A0E7-82ED87E6D3F1}.Debug-Dll|Win32.Build.0 = Debug|Win32
		{4B10D975-447F-4CFE-A0E7-82ED87E6D3F1}.Debug-Dll|x64.ActiveCfg = Debug|x64
		{4B10D975-447F-4CFE-A0E7-82ED87E6D3F1}.Debug-Dll|x64.Build.0 = Debug|x64
		{4B10D975-447F-4CFE-A0E7-82ED87E6D3F1}.Debug-Lib|ARM.ActiveCfg = Release|x64
		{4B10D975-447F-4CFE-A0E7-82ED87E6D3F1}.Debug-Lib|ARM.Build.0 = Release|x64
		{4B10D975-447F-4CFE-A0E7-82ED87E6D3F1}.Debug-Lib|ARM64.ActiveCfg = Release|x64
		{4B10D975-447F-4CFE-A0E7-82ED87E6D3F1}.Debug-Lib|ARM64.Build.0 = Release|x64
		{4B10D975-447F-4CFE-A0E7-82ED87E6D3F1}.Debug-Lib|Win32.ActiveCfg = Debug|Win32
		{4B10D975-447F-4CFE-A0E7-82ED87E6D3F1}.Debug-Lib|Win32.Build.0 = Debug|Win32
		{4B10D975-447F-4CFE-A0E7-82ED87E6D3F1}.Debug-Lib|x64.ActiveCfg = Debug|x64
		{4B10D975-447F-4CFE-A0E7-82ED87E6D3F1}.Debug-Lib|x64.Build.0 = Debug|x64
		{4B10D975-447F-4CFE-A0E7-82ED87E6D3F1}.Release|ARM.ActiveCfg = Release|Win32
		{4B10D975-447F-4CFE-A0E7-82ED87E6D3F1}.Release|ARM64.ActiveCfg = Release|Win32
		{4B10D975-447F-4CFE-A0E7-82ED87E6D3F1}.Release|Win32.ActiveCfg = Release|Win32
		{4B10D975-447F-4CFE-A0E7-82ED87E6D3F1}.Release|Win32.Build.0 = Release|Win32
		{4B10D975-447F-4CFE-A0E7-82ED87E6D3F1}.Release|x64.ActiveCfg = Debug|x64
		{4B10D975-447F-4CFE-A0E7-82ED87E6D3F1}.Release|x64.Build.0 = Debug|x64
		{4B10D975-447F-4CFE-A0E7-82ED87E6D3F1}.Release-Dll|ARM.ActiveCfg = Release|x64
		{4B10D975-447F-4CFE-A0E7-82ED87E6D3F1}.Release-Dll|ARM.Build.0 = Release|x64
		{4B10D975-447F-4CFE-A0E7-82ED87E6D3F1}.Release-Dll|ARM64.ActiveCfg = Release|x64
		{4B10D975-447F-4CFE-A0E7-82ED87E6D3F1}.Release-Dll|ARM64.Build.0 = Release|x64
		{4B10D975-447F-4CFE-A0E7-82ED87E6D3F1}.Release-Dll|Win32.ActiveCfg = Release|Win32
		{4B10D975-447F-4CFE-A0E7-82ED87E6D3F1}.Release-Dll|Win32.Build.0 = Release|Win32
		{4B10D975-447F-4CFE-A0E7-82ED87E6D3F1}.Release-Dll|x64.ActiveCfg = Debug|x64
		{4B10D975-447F-4CFE-A0E7-82ED87E6D3F1}.Release-Dll|x64.Build.0 = Debug|x64
		{4B10D975-447F-4CFE-A0E7-82ED87E6D3F1}.Release-Lib|ARM.ActiveCfg = Release|x64
		{4B10D975-447F-4CFE-A0E7-82ED87E6D3F1}.Release-Lib|ARM.Build.0 = Release|x64
		{4B10D975-447F-4CFE-A0E7-82ED87E6D3F1}.Release-Lib|ARM64.ActiveCfg = Release|x64
		{4B10D975-447F-4CFE-A0E7-82ED87E6D3F1}.Release-Lib|ARM64.Build.0 = Release|x64
		{4B10D975-447F-4CFE-A0E7-82ED87E6D3F1}.Release-Lib|Win32.ActiveCfg = Release|Win32
		{4B10D975-447F-4CFE-A0E7-82ED87E6D3F1}.Release-Lib|Win32.Build.0 = Release|Win32
		{4B10D975-447F-4CFE-A0E7-82ED87E6D3F1}.Release-Lib|x64.ActiveCfg = Debug|x64
		{4B10D975-447F-4CFE-A0E7-82ED87E6D3F1}.Release-Lib|x64.Build.0 = Debug|x64
		{0850EF57-40FB-38D0-B4D6-953C14DE6E8A}.Debug_DX|ARM.ActiveCfg = Debug_DX|Win32
		{0850EF57-40FB-38D0-B4D6-953C14DE6E8A}.Debug_DX|ARM64.ActiveCfg = Debug_DX|Win32
		{0850EF57-40FB-38D0-B4D6-953C14DE6E8A}.Debug_DX|Win32.ActiveCfg = Debug|Win32
		{0850EF57-40FB-38D0-B4D6-953C14DE6E8A}.Debug_DX|x64.ActiveCfg = Debug_DX|x64
		{0850EF57-40FB-38D0-B4D6-953C14DE6E8A}.Debug_DX|x64.Build.0 = Debug_DX|x64
		{0850EF57-40FB-38D0-B4D6-953C14DE6E8A}.Debug_GL|ARM.ActiveCfg = Debug_GL|Win32
		{0850EF57-40FB-38D0-B4D6-953C14DE6E8A}.Debug_GL|ARM64.ActiveCfg = Debug_GL|Win32
		{0850EF57-40FB-38D0-B4D6-953C14DE6E8A}.Debug_GL|Win32.ActiveCfg = Debug_GL|Win32
		{0850EF57-40FB-38D0-B4D6-953C14DE6E8A}.Debug_GL|Win32.Build.0 = Debug_GL|Win32
		{0850EF57-40FB-38D0-B4D6-953C14DE6E8A}.Debug_GL|x64.ActiveCfg = Debug_GL|x64
		{0850EF57-40FB-38D0-B4D6-953C14DE6E8A}.Debug_GL|x64.Build.0 = Debug_GL|x64
		{0850EF57-40FB-38D0-B4D6-953C14DE6E8A}.Debug|ARM.ActiveCfg = Debug|Win32
		{0850EF57-40FB-38D0-B4D6-953C14DE6E8A}.Debug|ARM64.ActiveCfg = Debug|Win32
		{0850EF57-40FB-38D0-B4D6-953C14DE6E8A}.Debug|Win32.ActiveCfg = Debug|Win32
		{0850EF57-40FB-38D0-B4D6-953C14DE6E8A}.Debug|Win32.Build.0 = Debug|Win32
		{0850EF57-40FB-38D0-B4D6-953C14DE6E8A}.Debug|Win32.Deploy.0 = Debug|Win32
		{0850EF57-40FB-38D0-B4D6-953C14DE6E8A}.Debug|x64.ActiveCfg = Debug|x64
		{0850EF57-40FB-38D0-B4D6-953C14DE6E8A}.Debug|x64.Build.0 = Debug|x64
		{0850EF57-40FB-38D0-B4D6-953C14DE6E8A}.Debug|x64.Deploy.0 = Debug|x64
		{0850EF57-40FB-38D0-B4D6-953C14DE6E8A}.Debug-Dll|ARM.ActiveCfg = Release|x64
		{0850EF57-40FB-38D0-B4D6-953C14DE6E8A}.Debug-Dll|ARM.Build.0 = Release|x64
		{0850EF57-40FB-38D0-B4D6-953C14DE6E8A}.Debug-Dll|ARM64.ActiveCfg = Release|x64
		{0850EF57-40FB-38D0-B4D6-953C14DE6E8A}.Debug-Dll|ARM64.Build.0 = Release|x64
		{0850EF57-40FB-38D0-B4D6-953C14DE6E8A}.Debug-Dll|Win32.ActiveCfg = Debug|Win32
		{0850EF57-40FB-38D0-B4D6-953C14DE6E8A}.Debug-Dll|Win32.Build.0 = Debug|Win32
		{0850EF57-40FB-38D0-B4D6-953C14DE6E8A}.Debug-Dll|Win32.Deploy.0 = Debug|Win32
		{0850EF57-40FB-38D0-B4D6-953C14DE6E8A}.Debug-Dll|x64.ActiveCfg = Debug|x64
		{0850EF57-40FB-38D0-B4D6-953C14DE6E8A}.Debug-Dll|x64.Build.0 = Debug|x64
		{0850EF57-40FB-38D0-B4D6-953C14DE6E8A}.Debug-Dll|x64.Deploy.0 = Debug|x64
		{0850EF57-40FB-38D0-B4D6-953C14DE6E8A}.Debug-Lib|ARM.ActiveCfg = Release|x64
		{0850EF57-40FB-38D0-B4D6-953C14DE6E8A}.Debug-Lib|ARM.Build.0 = Release|x64
		{0850EF57-40FB-38D0-B4D6-953C14DE6E8A}.Debug-Lib|ARM64.ActiveCfg = Release|x64
		{0850EF57-40FB-38D0-B4D6-953C14DE6E8A}.Debug-Lib|ARM64.Build.0 = Release|x64
		{0850EF57-40FB-38D0-B4D6-953C14DE6E8A}.Debug-Lib|Win32.ActiveCfg = Debug|Win32
		{0850EF57-40FB-38D0-B4D6-953C14DE6E8A}.Debug-Lib|Win32.Build.0 = Debug|Win32
		{0850EF57-40FB-38D0-B4D6-953C14DE6E8A}.Debug-Lib|Win32.Deploy.0 = Debug|Win32
		{0850EF57-40FB-38D0-B4D6-953C14DE6E8A}.Debug-Lib|x64.ActiveCfg = Debug|x64
		{0850EF57-40FB-38D0-B4D6-953C14DE6E8A}.Debug-Lib|x64.Build.0 = Debug|x64
		{0850EF57-40FB-38D0-B4D6-953C14DE6E8A}.Debug-Lib|x64.Deploy.0 = Debug|x64
		{0850EF57-40FB-38D0-B4D6-953C14DE6E8A}.Release|ARM.ActiveCfg = Release|Win32
		{0850EF57-40FB-38D0-B4D6-953C14DE6E8A}.Release|ARM64.ActiveCfg = Release|Win32
		{0850EF57-40FB-38D0-B4D6-953C14DE6E8A}.Release|Win32.ActiveCfg = Release|Win32
		{0850EF57-40FB-38D0-B4D6-953C14DE6E8A}.Release|Win32.Build.0 = Release|Win32
		{0850EF57-40FB-38D0-B4D6-953C14DE6E8A}.Release|Win32.Deploy.0 = Release|Win32
		{0850EF57-40FB-38D0-B4D6-953C14DE6E8A}.Release|x64.ActiveCfg = Debug|x64
		{0850EF57-40FB-38D0-B4D6-953C14DE6E8A}.Release|x64.Build.0 = Debug|x64
		{0850EF57-40FB-38D0-B4D6-953C14DE6E8A}.Release|x64.Deploy.0 = Debug|x64
		{0850EF57-40FB-38D0-B4D6-953C14DE6E8A}.Release-Dll|ARM.ActiveCfg = Release|x64
		{0850EF57-40FB-38D0-B4D6-953C14DE6E8A}.Release-Dll|ARM.Build.0 = Release|x64
		{0850EF57-40FB-38D0-B4D6-953C14DE6E8A}.Release-Dll|ARM64.ActiveCfg = Release|x64
		{0850EF57-40FB-38D0-B4D6-953C14DE6E8A}.Release-Dll|ARM64.Build.0 = Release|x64
		{0850EF57-40FB-38D0-B4D6-953C14DE6E8A}.Release-Dll|Win32.ActiveCfg = Release|Win32
		{0850EF57-40FB-38D0-B4D6-953C14DE6E8A}.Release-Dll|Win32.Build.0 = Release|Win32
		{0850EF57-40FB-38D0-B4D6-953C14DE6E8A}.Release-Dll|Win32.Deploy.0 = Release|Win32
		{0850EF57-40FB-38D0-B4D6-953C14DE6E8A}.Release-Dll|x64.ActiveCfg = Debug|x64
		{0850EF57-40FB-38D0-B4D6-953C14DE6E8A}.Release-Dll|x64.Build.0 = Debug|x64
		{0850EF57-40FB-38D0-B4D6-953C14DE6E8A}.Release-Dll|x64.Deploy.0 = Debug|x64
		{0850EF57-40FB-38D0-B4D6-953C14DE6E8A}.Release-Lib|ARM.ActiveCfg = Release|x64
		{0850EF57-40FB-38D0-B4D6-953C14DE6E8A}.Release-Lib|ARM.Build.0 = Release|x64
		{0850EF57-40FB-38D0-B4D6-953C14DE6E8A}.Release-Lib|ARM64.ActiveCfg = Release|x64
		{0850EF57-40FB-38D0-B4D6-953C14DE6E8A}.Release-Lib|ARM64.Build.0 = Release|x64
		{0850EF57-40FB-38D0-B4D6-953C14DE6E8A}.Release-Lib|Win32.ActiveCfg = Release|Win32
		{0850EF57-40FB-38D0-B4D6-953C14DE6E8A}.Release-Lib|Win32.Build.0 = Release|Win32
		{0850EF57-40FB-38D0-B4D6-953C14DE6E8A}.Release-Lib|Win32.Deploy.0 = Release|Win32
		{0850EF57-40FB-38D0-B4D6-953C14DE6E8A}.Release-Lib|x64.ActiveCfg = Debug|x64
		{0850EF57-40FB-38D0-B4D6-953C14DE6E8A}.Release-Lib|x64.Build.0 = Debug|x64
		{0850EF57-40FB-38D0-B4D6-953C14DE6E8A}.Release-Lib|x64.Deploy.0 = Debug|x64
		{15A870E0-30AD-4006-90D1-2FC93EBFF49B}.Debug_DX|ARM.ActiveCfg = Debug_DX|Win32
		{15A870E0-30AD-4006-90D1-2FC93EBFF49B}.Debug_DX|ARM64.ActiveCfg = Debug_DX|Win32
		{15A870E0-30AD-4006-90D1-2FC93EBFF49B}.Debug_DX|Win32.ActiveCfg = Debug_DX|Win32
		{15A870E0-30AD-4006-90D1-2FC93EBFF49B}.Debug_DX|Win32.Build.0 = Debug_DX|Win32
		{15A870E0-30AD-4006-90D1-2FC93EBFF49B}.Debug_DX|x64.ActiveCfg = Debug_DX|x64
		{15A870E0-30AD-4006-90D1-2FC93EBFF49B}.Debug_DX|x64.Build.0 = Debug_DX|x64
		{15A870E0-30AD-4006-90D1-2FC93EBFF49B}.Debug_GL|ARM.ActiveCfg = Debug_GL|Win32
		{15A870E0-30AD-4006-90D1-2FC93EBFF49B}.Debug_GL|ARM64.ActiveCfg = Debug_GL|Win32
		{15A870E0-30AD-4006-90D1-2FC93EBFF49B}.Debug_GL|Win32.ActiveCfg = Debug_GL|Win32
		{15A870E0-30AD-4006-90D1-2FC93EBFF49B}.Debug_GL|Win32.Build.0 = Debug_GL|Win32
		{15A870E0-30AD-4006-90D1-2FC93EBFF49B}.Debug_GL|x64.ActiveCfg = Debug_GL|x64
		{15A870E0-30AD-4006-90D1-2FC93EBFF49B}.Debug_GL|x64.Build.0 = Debug_GL|x64
		{15A870E0-30AD-4006-90D1-2FC93EBFF49B}.Debug|ARM.ActiveCfg = Debug|Win32
		{15A870E0-30AD-4006-90D1-2FC93EBFF49B}.Debug|ARM64.ActiveCfg = Debug|Win32
		{15A870E0-30AD-4006-90D1-2FC93EBFF49B}.Debug|Win32.ActiveCfg = Debug|Win32
		{15A870E0-30AD-4006-90D1-2FC93EBFF49B}.Debug|Win32.Build.0 = Debug|Win32
		{15A870E0-30AD-4006-90D1-2FC93EBFF49B}.Debug|x64.ActiveCfg = Debug|x64
		{15A870E0-30AD-4006-90D1-2FC93EBFF49B}.Debug|x64.Build.0 = Debug|x64
		{15A870E0-30AD-4006-90D1-2FC93EBFF49B}.Debug-Dll|ARM.ActiveCfg = Debug_GL|x64
		{15A870E0-30AD-4006-90D1-2FC93EBFF49B}.Debug-Dll|ARM.Build.0 = Debug_GL|x64
		{15A870E0-30AD-4006-90D1-2FC93EBFF49B}.Debug-Dll|ARM64.ActiveCfg = Debug_GL|x64
		{15A870E0-30AD-4006-90D1-2FC93EBFF49B}.Debug-Dll|ARM64.Build.0 = Debug_GL|x64
		{15A870E0-30AD-4006-90D1-2FC93EBFF49B}.Debug-Dll|Win32.ActiveCfg = Debug_DX|Win32
		{15A870E0-30AD-4006-90D1-2FC93EBFF49B}.Debug-Dll|Win32.Build.0 = Debug_DX|Win32
		{15A870E0-30AD-4006-90D1-2FC93EBFF49B}.Debug-Dll|x64.ActiveCfg = Debug_GL|x64
		{15A870E0-30AD-4006-90D1-2FC93EBFF49B}.Debug-Dll|x64.Build.0 = Debug_GL|x64
		{15A870E0-30AD-4006-90D1-2FC93EBFF49B}.Debug-Lib|ARM.ActiveCfg = Debug_GL|x64
		{15A870E0-30AD-4006-90D1-2FC93EBFF49B}.Debug-Lib|ARM.Build.0 = Debug_GL|x64
		{15A870E0-30AD-4006-90D1-2FC93EBFF49B}.Debug-Lib|ARM64.ActiveCfg = Debug_GL|x64
		{15A870E0-30AD-4006-90D1-2FC93EBFF49B}.Debug-Lib|ARM64.Build.0 = Debug_GL|x64
		{15A870E0-30AD-4006-90D1-2FC93EBFF49B}.Debug-Lib|Win32.ActiveCfg = Debug_DX|Win32
		{15A870E0-30AD-4006-90D1-2FC93EBFF49B}.Debug-Lib|Win32.Build.0 = Debug_DX|Win32
		{15A870E0-30AD-4006-90D1-2FC93EBFF49B}.Debug-Lib|x64.ActiveCfg = Debug_GL|x64
		{15A870E0-30AD-4006-90D1-2FC93EBFF49B}.Debug-Lib|x64.Build.0 = Debug_GL|x64
		{15A870E0-30AD-4006-90D1-2FC93EBFF49B}.Release|ARM.ActiveCfg = Release|Win32
		{15A870E0-30AD-4006-90D1-2FC93EBFF49B}.Release|ARM64.ActiveCfg = Release|Win32
		{15A870E0-30AD-4006-90D1-2FC93EBFF49B}.Release|Win32.ActiveCfg = Release|Win32
		{15A870E0-30AD-4006-90D1-2FC93EBFF49B}.Release|Win32.Build.0 = Release|Win32
		{15A870E0-30AD-4006-90D1-2FC93EBFF49B}.Release|x64.ActiveCfg = Release|x64
		{15A870E0-30AD-4006-90D1-2FC93EBFF49B}.Release|x64.Build.0 = Release|x64
		{15A870E0-30AD-4006-90D1-2FC93EBFF49B}.Release-Dll|ARM.ActiveCfg = Debug_GL|x64
		{15A870E0-30AD-4006-90D1-2FC93EBFF49B}.Release-Dll|ARM.Build.0 = Debug_GL|x64
		{15A870E0-30AD-4006-90D1-2FC93EBFF49B}.Release-Dll|ARM64.ActiveCfg = Debug_GL|x64
		{15A870E0-30AD-4006-90D1-2FC93EBFF49B}.Release-Dll|ARM64.Build.0 = Debug_GL|x64
		{15A870E0-30AD-4006-90D1-2FC93EBFF49B}.Release-Dll|Win32.ActiveCfg = Release|Win32
		{15A870E0-30AD-4006-90D1-2FC93EBFF49B}.Release-Dll|Win32.Build.0 = Release|Win32
		{15A870E0-30AD-4006-90D1-2FC93EBFF49B}.Release-Dll|x64.ActiveCfg = Release|x64
		{15A870E0-30AD-4006-90D1-2FC93EBFF49B}.Release-Dll|x64.Build.0 = Release|x64
		{15A870E0-30AD-4006-90D1-2FC93EBFF49B}.Release-Lib|ARM.ActiveCfg = Debug_GL|x64
		{15A870E0-30AD-4006-90D1-2FC93EBFF49B}.Release-Lib|ARM.Build.0 = Debug_GL|x64
		{15A870E0-30AD-4006-90D1-2FC93EBFF49B}.Release-Lib|ARM64.ActiveCfg = Debug_GL|x64
		{15A870E0-30AD-4006-90D1-2FC93EBFF49B}.Release-Lib|ARM64.Build.0 = Debug_GL|x64
		{15A870E0-30AD-4006-90D1-2FC93EBFF49B}.Release-Lib|Win32.ActiveCfg = Release|Win32
		{15A870E0-30AD-4006-90D1-2FC93EBFF49B}.Release-Lib|Win32.Build.0 = Release|Win32
		{15A870E0-30AD-4006-90D1-2FC93EBFF49B}.Release-Lib|x64.ActiveCfg = Release|x64
		{15A870E0-30AD-4006-90D1-2FC93EBFF49B}.Release-Lib|x64.Build.0 = Release|x64
		{095B0E45-6230-42E4-9E68-CADE4AB8F955}.Debug_DX|ARM.ActiveCfg = Debug|ARM
		{095B0E45-6230-42E4-9E68-CADE4AB8F955}.Debug_DX|ARM.Build.0 = Debug|ARM
		{095B0E45-6230-42E4-9E68-CADE4AB8F955}.Debug_DX|ARM.Deploy.0 = Debug|ARM
		{095B0E45-6230-42E4-9E68-CADE4AB8F955}.Debug_DX|ARM64.ActiveCfg = Debug|ARM64
		{095B0E45-6230-42E4-9E68-CADE4AB8F955}.Debug_DX|ARM64.Build.0 = Debug|ARM64
		{095B0E45-6230-42E4-9E68-CADE4AB8F955}.Debug_DX|ARM64.Deploy.0 = Debug|ARM64
		{095B0E45-6230-42E4-9E68-CADE4AB8F955}.Debug_DX|Win32.ActiveCfg = Debug|Win32
		{095B0E45-6230-42E4-9E68-CADE4AB8F955}.Debug_DX|Win32.Build.0 = Debug|Win32
		{095B0E45-6230-42E4-9E68-CADE4AB8F955}.Debug_DX|Win32.Deploy.0 = Debug|Win32
		{095B0E45-6230-42E4-9E68-CADE4AB8F955}.Debug_DX|x64.ActiveCfg = Debug|x64
		{095B0E45-6230-42E4-9E68-CADE4AB8F955}.Debug_DX|x64.Build.0 = Debug|x64
		{095B0E45-6230-42E4-9E68-CADE4AB8F955}.Debug_DX|x64.Deploy.0 = Debug|x64
		{095B0E45-6230-42E4-9E68-CADE4AB8F955}.Debug_GL|ARM.ActiveCfg = Debug|ARM
		{095B0E45-6230-42E4-9E68-CADE4AB8F955}.Debug_GL|ARM.Build.0 = Debug|ARM
		{095B0E45-6230-42E4-9E68-CADE4AB8F955}.Debug_GL|ARM.Deploy.0 = Debug|ARM
		{095B0E45-6230-42E4-9E68-CADE4AB8F955}.Debug_GL|ARM64.ActiveCfg = Debug|ARM64
		{095B0E45-6230-42E4-9E68-CADE4AB8F955}.Debug_GL|ARM64.Build.0 = Debug|ARM64
		{095B0E45-6230-42E4-9E68-CADE4AB8F955}.Debug_GL|ARM64.Deploy.0 = Debug|ARM64
		{095B0E45-6230-42E4-9E68-CADE4AB8F955}.Debug_GL|Win32.ActiveCfg = Debug|Win32
		{095B0E45-6230-42E4-9E68-CADE4AB8F955}.Debug_GL|Win32.Build.0 = Debug|Win32
		{095B0E45-6230-42E4-9E68-CADE4AB8F955}.Debug_GL|Win32.Deploy.0 = Debug|Win32
		{095B0E45-6230-42E4-9E68-CADE4AB8F955}.Debug_GL|x64.ActiveCfg = Debug|x64
		{095B0E45-6230-42E4-9E68-CADE4AB8F955}.Debug_GL|x64.Build.0 = Debug|x64
		{095B0E45-6230-42E4-9E68-CADE4AB8F955}.Debug_GL|x64.Deploy.0 = Debug|x64
		{095B0E45-6230-42E4-9E68-CADE4AB8F955}.Debug|ARM.ActiveCfg = Debug|ARM
		{095B0E45-6230-42E4-9E68-CADE4AB8F955}.Debug|ARM.Build.0 = Debug|ARM
		{095B0E45-6230-42E4-9E68-CADE4AB8F955}.Debug|ARM.Deploy.0 = Debug|ARM
		{095B0E45-6230-42E4-9E68-CADE4AB8F955}.Debug|ARM64.ActiveCfg = Debug|ARM64
		{095B0E45-6230-42E4-9E68-CADE4AB8F955}.Debug|ARM64.Build.0 = Debug|ARM64
		{095B0E45-6230-42E4-9E68-CADE4AB8F955}.Debug|ARM64.Deploy.0 = Debug|ARM64
		{095B0E45-6230-42E4-9E68-CADE4AB8F955}.Debug|Win32.ActiveCfg = Debug|Win32
		{095B0E45-6230-42E4-9E68-CADE4AB8F955}.Debug|Win32.Build.0 = Debug|Win32
		{095B0E45-6230-42E4-9E68-CADE4AB8F955}.Debug|Win32.Deploy.0 = Debug|Win32
		{095B0E45-6230-42E4-9E68-CADE4AB8F955}.Debug|x64.ActiveCfg = Debug|x64
		{095B0E45-6230-42E4-9E68-CADE4AB8F955}.Debug|x64.Build.0 = Debug|x64
		{095B0E45-6230-42E4-9E68-CADE4AB8F955}.Debug|x64.Deploy.0 = Debug|x64
		{095B0E45-6230-42E4-9E68-CADE4AB8F955}.Debug-Dll|ARM.ActiveCfg = Debug|ARM
		{095B0E45-6230-42E4-9E68-CADE4AB8F955}.Debug-Dll|ARM.Build.0 = Debug|ARM
		{095B0E45-6230-42E4-9E68-CADE4AB8F955}.Debug-Dll|ARM.Deploy.0 = Debug|ARM
		{095B0E45-6230-42E4-9E68-CADE4AB8F955}.Debug-Dll|ARM64.ActiveCfg = Debug|ARM64
		{095B0E45-6230-42E4-9E68-CADE4AB8F955}.Debug-Dll|ARM64.Build.0 = Debug|ARM64
		{095B0E45-6230-42E4-9E68-CADE4AB8F955}.Debug-Dll|ARM64.Deploy.0 = Debug|ARM64
		{095B0E45-6230-42E4-9E68-CADE4AB8F955}.Debug-Dll|Win32.ActiveCfg = Debug|Win32
		{095B0E45-6230-42E4-9E68-CADE4AB8F955}.Debug-Dll|Win32.Build.0 = Debug|Win32
		{095B0E45-6230-42E4-9E68-CADE4AB8F955}.Debug-Dll|Win32.Deploy.0 = Debug|Win32
		{095B0E45-6230-42E4-9E68-CADE4AB8F955}.Debug-Dll|x64.ActiveCfg = Debug|x64
		{095B0E45-6230-42E4-9E68-CADE4AB8F955}.Debug-Dll|x64.Build.0 = Debug|x64
		{095B0E45-6230-42E4-9E68-CADE4AB8F955}.Debug-Dll|x64.Deploy.0 = Debug|x64
		{095B0E45-6230-42E4-9E68-CADE4AB8F955}.Debug-Lib|ARM.ActiveCfg = Debug|ARM
		{095B0E45-6230-42E4-9E68-CADE4AB8F955}.Debug-Lib|ARM.Build.0 = Debug|ARM
		{095B0E45-6230-42E4-9E68-CADE4AB8F955}.Debug-Lib|ARM.Deploy.0 = Debug|ARM
		{095B0E45-6230-42E4-9E68-CADE4AB8F955}.Debug-Lib|ARM64.ActiveCfg = Debug|ARM64
		{095B0E45-6230-42E4-9E68-CADE4AB8F955}.Debug-Lib|ARM64.Build.0 = Debug|ARM64
		{095B0E45-6230-42E4-9E68-CADE4AB8F955}.Debug-Lib|ARM64.Deploy.0 = Debug|ARM64
		{095B0E45-6230-42E4-9E68-CADE4AB8F955}.Debug-Lib|Win32.ActiveCfg = Debug|Win32
		{095B0E45-6230-42E4-9E68-CADE4AB8F955}.Debug-Lib|Win32.Build.0 = Debug|Win32
		{095B0E45-6230-42E4-9E68-CADE4AB8F955}.Debug-Lib|Win32.Deploy.0 = Debug|Win32
		{095B0E45-6230-42E4-9E68-CADE4AB8F955}.Debug-Lib|x64.ActiveCfg = Debug|x64
		{095B0E45-6230-42E4-9E68-CADE4AB8F955}.Debug-Lib|x64.Build.0 = Debug|x64
		{095B0E45-6230-42E4-9E68-CADE4AB8F955}.Debug-Lib|x64.Deploy.0 = Debug|x64
		{095B0E45-6230-42E4-9E68-CADE4AB8F955}.Release|ARM.ActiveCfg = Release|ARM
		{095B0E45-6230-42E4-9E68-CADE4AB8F955}.Release|ARM.Build.0 = Release|ARM
		{095B0E45-6230-42E4-9E68-CADE4AB8F955}.Release|ARM.Deploy.0 = Release|ARM
		{095B0E45-6230-42E4-9E68-CADE4AB8F955}.Release|ARM64.ActiveCfg = Release|ARM64
		{095B0E45-6230-42E4-9E68-CADE4AB8F955}.Release|ARM64.Build.0 = Release|ARM64
		{095B0E45-6230-42E4-9E68-CADE4AB8F955}.Release|ARM64.Deploy.0 = Release|ARM64
		{095B0E45-6230-42E4-9E68-CADE4AB8F955}.Release|Win32.ActiveCfg = Release|Win32
		{095B0E45-6230-42E4-9E68-CADE4AB8F955}.Release|Win32.Build.0 = Release|Win32
		{095B0E45-6230-42E4-9E68-CADE4AB8F955}.Release|Win32.Deploy.0 = Release|Win32
		{095B0E45-6230-42E4-9E68-CADE4AB8F955}.Release|x64.ActiveCfg = Release|x64
		{095B0E45-6230-42E4-9E68-CADE4AB8F955}.Release|x64.Build.0 = Release|x64
		{095B0E45-6230-42E4-9E68-CADE4AB8F955}.Release|x64.Deploy.0 = Release|x64
		{095B0E45-6230-42E4-9E68-CADE4AB8F955}.Release-Dll|ARM.ActiveCfg = Release|ARM
		{095B0E45-6230-42E4-9E68-CADE4AB8F955}.Release-Dll|ARM.Build.0 = Release|ARM
		{095B0E45-6230-42E4-9E68-CADE4AB8F955}.Release-Dll|ARM.Deploy.0 = Release|ARM
		{095B0E45-6230-42E4-9E68-CADE4AB8F955}.Release-Dll|ARM64.ActiveCfg = Release|ARM64
		{095B0E45-6230-42E4-9E68-CADE4AB8F955}.Release-Dll|ARM64.Build.0 = Release|ARM64
		{095B0E45-6230-42E4-9E68-CADE4AB8F955}.Release-Dll|ARM64.Deploy.0 = Release|ARM64
		{095B0E45-6230-42E4-9E68-CADE4AB8F955}.Release-Dll|Win32.ActiveCfg = Release|Win32
		{095B0E45-6230-42E4-9E68-CADE4AB8F955}.Release-Dll|Win32.Build.0 = Release|Win32
		{095B0E45-6230-42E4-9E68-CADE4AB8F955}.Release-Dll|Win32.Deploy.0 = Release|Win32
		{095B0E45-6230-42E4-9E68-CADE4AB8F955}.Release-Dll|x64.ActiveCfg = Release|x64
		{095B0E45-6230-42E4-9E68-CADE4AB8F955}.Release-Dll|x64.Build.0 = Release|x64
		{095B0E45-6230-42E4-9E68-CADE4AB8F955}.Release-Dll|x64.Deploy.0 = Release|x64
		{095B0E45-6230-42E4-9E68-CADE4AB8F955}.Release-Lib|ARM.ActiveCfg = Release|ARM
		{095B0E45-6230-42E4-9E68-CADE4AB8F955}.Release-Lib|ARM.Build.0 = Release|ARM
		{095B0E45-6230-42E4-9E68-CADE4AB8F955}.Release-Lib|ARM.Deploy.0 = Release|ARM
		{095B0E45-6230-42E4-9E68-CADE4AB8F955}.Release-Lib|ARM64.ActiveCfg = Release|ARM64
		{095B0E45-6230-42E4-9E68-CADE4AB8F955}.Release-Lib|ARM64.Build.0 = Release|ARM64
		{095B0E45-6230-42E4-9E68-CADE4AB8F955}.Release-Lib|ARM64.Deploy.0 = Release|ARM64
		{095B0E45-6230-42E4-9E68-CADE4AB8F955}.Release-Lib|Win32.ActiveCfg = Release|Win32
		{095B0E45-6230-42E4-9E68-CADE4AB8F955}.Release-Lib|Win32.Build.0 = Release|Win32
		{095B0E45-6230-42E4-9E68-CADE4AB8F955}.Release-Lib|Win32.Deploy.0 = Release|Win32
		{095B0E45-6230-42E4-9E68-CADE4AB8F955}.Release-Lib|x64.ActiveCfg = Release|x64
		{095B0E45-6230-42E4-9E68-CADE4AB8F955}.Release-Lib|x64.Build.0 = Release|x64
		{095B0E45-6230-42E4-9E68-CADE4AB8F955}.Release-Lib|x64.Deploy.0 = Release|x64
		{C001B305-F618-4749-BDCE-76A893D42460}.Debug_DX|ARM.ActiveCfg = Debug|ARM
		{C001B305-F618-4749-BDCE-76A893D42460}.Debug_DX|ARM.Build.0 = Debug|ARM
		{C001B305-F618-4749-BDCE-76A893D42460}.Debug_DX|ARM.Deploy.0 = Debug|ARM
		{C001B305-F618-4749-BDCE-76A893D42460}.Debug_DX|ARM64.ActiveCfg = Debug|ARM64
		{C001B305-F618-4749-BDCE-76A893D42460}.Debug_DX|ARM64.Build.0 = Debug|ARM64
		{C001B305-F618-4749-BDCE-76A893D42460}.Debug_DX|ARM64.Deploy.0 = Debug|ARM64
		{C001B305-F618-4749-BDCE-76A893D42460}.Debug_DX|Win32.ActiveCfg = Debug|Win32
		{C001B305-F618-4749-BDCE-76A893D42460}.Debug_DX|Win32.Build.0 = Debug|Win32
		{C001B305-F618-4749-BDCE-76A893D42460}.Debug_DX|Win32.Deploy.0 = Debug|Win32
		{C001B305-F618-4749-BDCE-76A893D42460}.Debug_DX|x64.ActiveCfg = Debug|x64
		{C001B305-F618-4749-BDCE-76A893D42460}.Debug_DX|x64.Build.0 = Debug|x64
		{C001B305-F618-4749-BDCE-76A893D42460}.Debug_DX|x64.Deploy.0 = Debug|x64
		{C001B305-F618-4749-BDCE-76A893D42460}.Debug_GL|ARM.ActiveCfg = Debug|ARM
		{C001B305-F618-4749-BDCE-76A893D42460}.Debug_GL|ARM.Build.0 = Debug|ARM
		{C001B305-F618-4749-BDCE-76A893D42460}.Debug_GL|ARM.Deploy.0 = Debug|ARM
		{C001B305-F618-4749-BDCE-76A893D42460}.Debug_GL|ARM64.ActiveCfg = Debug|ARM64
		{C001B305-F618-4749-BDCE-76A893D42460}.Debug_GL|ARM64.Build.0 = Debug|ARM64
		{C001B305-F618-4749-BDCE-76A893D42460}.Debug_GL|ARM64.Deploy.0 = Debug|ARM64
		{C001B305-F618-4749-BDCE-76A893D42460}.Debug_GL|Win32.ActiveCfg = Debug|Win32
		{C001B305-F618-4749-BDCE-76A893D42460}.Debug_GL|Win32.Build.0 = Debug|Win32
		{C001B305-F618-4749-BDCE-76A893D42460}.Debug_GL|Win32.Deploy.0 = Debug|Win32
		{C001B305-F618-4749-BDCE-76A893D42460}.Debug_GL|x64.ActiveCfg = Debug|x64
		{C001B305-F618-4749-BDCE-76A893D42460}.Debug_GL|x64.Build.0 = Debug|x64
		{C001B305-F618-4749-BDCE-76A893D42460}.Debug_GL|x64.Deploy.0 = Debug|x64
		{C001B305-F618-4749-BDCE-76A893D42460}.Debug|ARM.ActiveCfg = Debug|ARM
		{C001B305-F618-4749-BDCE-76A893D42460}.Debug|ARM.Build.0 = Debug|ARM
		{C001B305-F618-4749-BDCE-76A893D42460}.Debug|ARM.Deploy.0 = Debug|ARM
		{C001B305-F618-4749-BDCE-76A893D42460}.Debug|ARM64.ActiveCfg = Debug|ARM64
		{C001B305-F618-4749-BDCE-76A893D42460}.Debug|ARM64.Build.0 = Debug|ARM64
		{C001B305-F618-4749-BDCE-76A893D42460}.Debug|ARM64.Deploy.0 = Debug|ARM64
		{C001B305-F618-4749-BDCE-76A893D42460}.Debug|Win32.ActiveCfg = Debug|Win32
		{C001B305-F618-4749-BDCE-76A893D42460}.Debug|Win32.Build.0 = Debug|Win32
		{C001B305-F618-4749-BDCE-76A893D42460}.Debug|Win32.Deploy.0 = Debug|Win32
		{C001B305-F618-4749-BDCE-76A893D42460}.Debug|x64.ActiveCfg = Debug|x64
		{C001B305-F618-4749-BDCE-76A893D42460}.Debug|x64.Build.0 = Debug|x64
		{C001B305-F618-4749-BDCE-76A893D42460}.Debug|x64.Deploy.0 = Debug|x64
		{C001B305-F618-4749-BDCE-76A893D42460}.Debug-Dll|ARM.ActiveCfg = Debug|ARM
		{C001B305-F618-4749-BDCE-76A893D42460}.Debug-Dll|ARM.Build.0 = Debug|ARM
		{C001B305-F618-4749-BDCE-76A893D42460}.Debug-Dll|ARM.Deploy.0 = Debug|ARM
		{C001B305-F618-4749-BDCE-76A893D42460}.Debug-Dll|ARM64.ActiveCfg = Debug|ARM64
		{C001B305-F618-4749-BDCE-76A893D42460}.Debug-Dll|ARM64.Build.0 = Debug|ARM64
		{C001B305-F618-4749-BDCE-76A893D42460}.Debug-Dll|ARM64.Deploy.0 = Debug|ARM64
		{C001B305-F618-4749-BDCE-76A893D42460}.Debug-Dll|Win32.ActiveCfg = Debug|Win32
		{C001B305-F618-4749-BDCE-76A893D42460}.Debug-Dll|Win32.Build.0 = Debug|Win32
		{C001B305-F618-4749-BDCE-76A893D42460}.Debug-Dll|Win32.Deploy.0 = Debug|Win32
		{C001B305-F618-4749-BDCE-76A893D42460}.Debug-Dll|x64.ActiveCfg = Debug|x64
		{C001B305-F618-4749-BDCE-76A893D42460}.Debug-Dll|x64.Build.0 = Debug|x64
		{C001B305-F618-4749-BDCE-76A893D42460}.Debug-Dll|x64.Deploy.0 = Debug|x64
		{C001B305-F618-4749-BDCE-76A893D42460}.Debug-Lib|ARM.ActiveCfg = Debug|ARM
		{C001B305-F618-4749-BDCE-76A893D42460}.Debug-Lib|ARM.Build.0 = Debug|ARM
		{C001B305-F618-4749-BDCE-76A893D42460}.Debug-Lib|ARM.Deploy.0 = Debug|ARM
		{C001B305-F618-4749-BDCE-76A893D42460}.Debug-Lib|ARM64.ActiveCfg = Debug|ARM64
		{C001B305-F618-4749-BDCE-76A893D42460}.Debug-Lib|ARM64.Build.0 = Debug|ARM64
		{C001B305-F618-4749-BDCE-76A893D42460}.Debug-Lib|ARM64.Deploy.0 = Debug|ARM64
		{C001B305-F618-4749-BDCE-76A893D42460}.Debug-Lib|Win32.ActiveCfg = Debug|Win32
		{C001B305-F618-4749-BDCE-76A893D42460}.Debug-Lib|Win32.Build.0 = Debug|Win32
		{C001B305-F618-4749-BDCE-76A893D42460}.Debug-Lib|Win32.Deploy.0 = Debug|Win32
		{C001B305-F618-4749-BDCE-76A893D42460}.Debug-Lib|x64.ActiveCfg = Debug|x64
		{C001B305-F618-4749-BDCE-76A893D42460}.Debug-Lib|x64.Build.0 = Debug|x64
		{C001B305-F618-4749-BDCE-76A893D42460}.Debug-Lib|x64.Deploy.0 = Debug|x64
		{C001B305-F618-4749-BDCE-76A893D42460}.Release|ARM.ActiveCfg = Release|ARM
		{C001B305-F618-4749-BDCE-76A893D42460}.Release|ARM.Build.0 = Release|ARM
		{C001B305-F618-4749-BDCE-76A893D42460}.Release|ARM.Deploy.0 = Release|ARM
		{C001B305-F618-4749-BDCE-76A893D42460}.Release|ARM64.ActiveCfg = Release|ARM64
		{C001B305-F618-4749-BDCE-76A893D42460}.Release|ARM64.Build.0 = Release|ARM64
		{C001B305-F618-4749-BDCE-76A893D42460}.Release|ARM64.Deploy.0 = Release|ARM64
		{C001B305-F618-4749-BDCE-76A893D42460}.Release|Win32.ActiveCfg = Release|Win32
		{C001B305-F618-4749-BDCE-76A893D42460}.Release|Win32.Build.0 = Release|Win32
		{C001B305-F618-4749-BDCE-76A893D42460}.Release|Win32.Deploy.0 = Release|Win32
		{C001B305-F618-4749-BDCE-76A893D42460}.Release|x64.ActiveCfg = Release|x64
		{C001B305-F618-4749-BDCE-76A893D42460}.Release|x64.Build.0 = Release|x64
		{C001B305-F618-4749-BDCE-76A893D42460}.Release|x64.Deploy.0 = Release|x64
		{C001B305-F618-4749-BDCE-76A893D42460}.Release-Dll|ARM.ActiveCfg = Release|ARM
		{C001B305-F618-4749-BDCE-76A893D42460}.Release-Dll|ARM.Build.0 = Release|ARM
		{C001B305-F618-4749-BDCE-76A893D42460}.Release-Dll|ARM.Deploy.0 = Release|ARM
		{C001B305-F618-4749-BDCE-76A893D42460}.Release-Dll|ARM64.ActiveCfg = Release|ARM64
		{C001B305-F618-4749-BDCE-76A893D42460}.Release-Dll|ARM64.Build.0 = Release|ARM64
		{C001B305-F618-4749-BDCE-76A893D42460}.Release-Dll|ARM64.Deploy.0 = Release|ARM64
		{C001B305-F618-4749-BDCE-76A893D42460}.Release-Dll|Win32.ActiveCfg = Release|Win32
		{C001B305-F618-4749-BDCE-76A893D42460}.Release-Dll|Win32.Build.0 = Release|Win32
		{C001B305-F618-4749-BDCE-76A893D42460}.Release-Dll|Win32.Deploy.0 = Release|Win32
		{C001B305-F618-4749-BDCE-76A893D42460}.Release-Dll|x64.ActiveCfg = Release|x64
		{C001B305-F618-4749-BDCE-76A893D42460}.Release-Dll|x64.Build.0 = Release|x64
		{C001B305-F618-4749-BDCE-76A893D42460}.Release-Dll|x64.Deploy.0 = Release|x64
		{C001B305-F618-4749-BDCE-76A893D42460}.Release-Lib|ARM.ActiveCfg = Release|ARM
		{C001B305-F618-4749-BDCE-76A893D42460}.Release-Lib|ARM.Build.0 = Release|ARM
		{C001B305-F618-4749-BDCE-76A893D42460}.Release-Lib|ARM.Deploy.0 = Release|ARM
		{C001B305-F618-4749-BDCE-76A893D42460}.Release-Lib|ARM64.ActiveCfg = Release|ARM64
		{C001B305-F618-4749-BDCE-76A893D42460}.Release-Lib|ARM64.Build.0 = Release|ARM64
		{C001B305-F618-4749-BDCE-76A893D42460}.Release-Lib|ARM64.Deploy.0 = Release|ARM64
		{C001B305-F618-4749-BDCE-76A893D42460}.Release-Lib|Win32.ActiveCfg = Release|Win32
		{C001B305-F618-4749-BDCE-76A893D42460}.Release-Lib|Win32.Build.0 = Release|Win32
		{C001B305-F618-4749-BDCE-76A893D42460}.Release-Lib|Win32.Deploy.0 = Release|Win32
		{C001B305-F618-4749-BDCE-76A893D42460}.Release-Lib|x64.ActiveCfg = Release|x64
		{C001B305-F618-4749-BDCE-76A893D42460}.Release-Lib|x64.Build.0 = Release|x64
		{C001B305-F618-4749-BDCE-76A893D42460}.Release-Lib|x64.Deploy.0 = Release|x64
	EndGlobalSection
	GlobalSection(SolutionProperties) = preSolution
		HideSolutionNode = FALSE
	EndGlobalSection
	GlobalSection(ExtensibilityGlobals) = postSolution
		SolutionGuid = {1C483DD7-C05C-4721-BE4B-D0225AA31C9E}
	EndGlobalSection
EndGlobal
