
Microsoft Visual Studio Solution File, Format Version 12.00
# Visual Studio 2013
VisualStudioVersion = 12.0.21005.1
MinimumVisualStudioVersion = 10.0.40219.1
Project("{8BC9CEB8-8B4A-11D0-8D11-00A0C91BC942}") = "Katamari", "Katamari\Katamari.vcxproj", "{15A870E0-30AD-4006-90D1-2FC93EBFF49B}"
EndProject
Project("{2150E333-8FDC-42A3-9474-1A3956D46DE8}") = "Solution Items", "Solution Items", "{BFC8FBDC-57A1-4C42-9784-366BA8ECB41E}"
	ProjectSection(SolutionItems) = preProject
		Performance1.psess = Performance1.psess
	EndProjectSection
EndProject
Global
	GlobalSection(SolutionConfigurationPlatforms) = preSolution
		Debug|Win32 = Debug|Win32
		Release|Win32 = Release|Win32
	EndGlobalSection
	GlobalSection(ProjectConfigurationPlatforms) = postSolution
		{15A870E0-30AD-4006-90D1-2FC93EBFF49B}.Debug|Win32.ActiveCfg = Debug|Win32
		{15A870E0-30AD-4006-90D1-2FC93EBFF49B}.Debug|Win32.Build.0 = Debug|Win32
		{15A870E0-30AD-4006-90D1-2FC93EBFF49B}.Release|Win32.ActiveCfg = Release|Win32
		{15A870E0-30AD-4006-90D1-2FC93EBFF49B}.Release|Win32.Build.0 = Release|Win32
	EndGlobalSection
	GlobalSection(SolutionProperties) = preSolution
		HideSolutionNode = FALSE
	EndGlobalSection
	GlobalSection(Performance) = preSolution
		HasPerformanceSessions = true
	EndGlobalSection
EndGlobal
