<?xml version="1.0" encoding="utf-8"?>
<Project ToolsVersion="4.0" xmlns="http://schemas.microsoft.com/developer/msbuild/2003">
  <ItemGroup>
    <Filter Include="Source Files">
      <UniqueIdentifier>{4FC737F1-C7A5-4376-A066-2A32D752A2FF}</UniqueIdentifier>
      <Extensions>cpp;c;cc;cxx;def;odl;idl;hpj;bat;asm;asmx</Extensions>
    </Filter>
    <Filter Include="Header Files">
      <UniqueIdentifier>{93995380-89BD-4b04-88EB-625FBE52EBFB}</UniqueIdentifier>
      <Extensions>h;hh;hpp;hxx;hm;inl;inc;xsd</Extensions>
    </Filter>
    <Filter Include="Resource Files">
      <UniqueIdentifier>{67DA6AB6-F800-4c08-8B7A-83BB121AAD01}</UniqueIdentifier>
      <Extensions>rc;ico;cur;bmp;dlg;rc2;rct;bin;rgs;gif;jpg;jpeg;jpe;resx;tiff;tif;png;wav;mfcribbon-ms</Extensions>
    </Filter>
    <Filter Include="Header Files\Rendering">
      <UniqueIdentifier>{da3df34c-fba8-4f54-99ba-ec202514dcac}</UniqueIdentifier>
    </Filter>
    <Filter Include="Header Files\Debugging">
      <UniqueIdentifier>{96e2349e-d682-4987-82be-046f5d6f41ef}</UniqueIdentifier>
    </Filter>
    <Filter Include="Header Files\Input">
      <UniqueIdentifier>{6e2868c8-19f7-4ae7-b300-2d46ceaef94f}</UniqueIdentifier>
    </Filter>
    <Filter Include="Header Files\Math">
      <UniqueIdentifier>{b0d475f7-d8ef-4ccb-a599-5213fc3d1cc7}</UniqueIdentifier>
    </Filter>
    <Filter Include="Header Files\Scene">
      <UniqueIdentifier>{0bb30837-c5c7-44ef-bf82-d3261849cd75}</UniqueIdentifier>
    </Filter>
    <Filter Include="Header Files\Window">
      <UniqueIdentifier>{8557dcec-d272-4858-aabb-8bb84d2935e6}</UniqueIdentifier>
    </Filter>
    <Filter Include="Source Files\Debugging">
      <UniqueIdentifier>{deab2ce2-d1bc-4bdc-a797-53033883d1e5}</UniqueIdentifier>
    </Filter>
    <Filter Include="Source Files\Input">
      <UniqueIdentifier>{1069f2ea-cf26-45c8-8275-73cb6bba14da}</UniqueIdentifier>
    </Filter>
    <Filter Include="Source Files\Math">
      <UniqueIdentifier>{524454f5-7795-472d-9bb0-a14564da0158}</UniqueIdentifier>
    </Filter>
    <Filter Include="Source Files\Scene">
      <UniqueIdentifier>{daf58575-bc25-4f22-928f-9be5085efdb1}</UniqueIdentifier>
    </Filter>
    <Filter Include="Source Files\Rendering">
      <UniqueIdentifier>{2afb9262-a796-461a-966d-2e18de66f9f2}</UniqueIdentifier>
    </Filter>
    <Filter Include="Source Files\Shaders">
      <UniqueIdentifier>{18e26465-c569-4b67-b538-d68ec2a87246}</UniqueIdentifier>
    </Filter>
    <Filter Include="Libraries">
      <UniqueIdentifier>{54a863f3-696b-42f4-a36b-371ea6356943}</UniqueIdentifier>
    </Filter>
    <Filter Include="Header Files\Rendering\GL">
      <UniqueIdentifier>{e432896d-6c8a-4003-965e-100080374046}</UniqueIdentifier>
    </Filter>
    <Filter Include="Source Files\Rendering\GL">
      <UniqueIdentifier>{81f957cc-e3ed-45e6-8cb3-3f9a74030393}</UniqueIdentifier>
    </Filter>
    <Filter Include="Header Files\Animation">
      <UniqueIdentifier>{1e8bfadc-a7c9-4281-95f2-1620bec84e13}</UniqueIdentifier>
    </Filter>
    <Filter Include="Header Files\Components">
      <UniqueIdentifier>{35c8030f-6d1f-4ae2-8061-0d00e1f4d1d8}</UniqueIdentifier>
    </Filter>
    <Filter Include="Header Files\Generated">
      <UniqueIdentifier>{a4b5f77c-f3bc-4812-ae94-6fa9a813e579}</UniqueIdentifier>
    </Filter>
    <Filter Include="Header Files\Physics">
      <UniqueIdentifier>{c471c580-765c-4ed4-b878-f1783875a451}</UniqueIdentifier>
    </Filter>
    <Filter Include="Header Files\Physics\Particles">
      <UniqueIdentifier>{8ec1cf71-3256-4bfd-965e-f4d2bfd19b0b}</UniqueIdentifier>
    </Filter>
    <Filter Include="Header Files\Serialization">
      <UniqueIdentifier>{d38e4ab3-ad55-4127-881f-2f25b4e55364}</UniqueIdentifier>
    </Filter>
    <Filter Include="Source Files\Animation">
      <UniqueIdentifier>{e57db192-e828-494d-afea-ce3c603e4eca}</UniqueIdentifier>
    </Filter>
    <Filter Include="Source Files\Components">
      <UniqueIdentifier>{67baa7d4-cfda-402a-8e16-177d4cb2c4f7}</UniqueIdentifier>
    </Filter>
    <Filter Include="Source Files\Physics">
      <UniqueIdentifier>{a36dacd7-616d-429b-a359-b675ed1d0dc0}</UniqueIdentifier>
    </Filter>
    <Filter Include="Source Files\Physics\Particles">
      <UniqueIdentifier>{1393aad6-c658-456a-9c0c-144daa92f27d}</UniqueIdentifier>
    </Filter>
    <Filter Include="Source Files\Serialization">
      <UniqueIdentifier>{1713ee44-6747-4e5b-abb3-b1071329a126}</UniqueIdentifier>
    </Filter>
    <Filter Include="Header Files\Testing">
      <UniqueIdentifier>{d5884769-2b56-45af-872a-603194bfab06}</UniqueIdentifier>
    </Filter>
    <Filter Include="Header Files\Testing\GL">
      <UniqueIdentifier>{a8be6ce8-aa65-413c-a5eb-4f4ecc3bf443}</UniqueIdentifier>
    </Filter>
    <Filter Include="Header Files\Testing\DX">
      <UniqueIdentifier>{b888c9b5-c30f-47ec-8dcf-d92332d12595}</UniqueIdentifier>
    </Filter>
    <Filter Include="Source Files\Testing">
      <UniqueIdentifier>{d5807f45-b80e-4bfd-a3b5-6df46a69cf1b}</UniqueIdentifier>
    </Filter>
    <Filter Include="Source Files\Testing\GL">
      <UniqueIdentifier>{4100ec33-0226-40b2-9028-b0c5ada21e05}</UniqueIdentifier>
    </Filter>
    <Filter Include="Source Files\Testing\DX">
      <UniqueIdentifier>{5fe8488b-9bda-4361-856d-7aff93a86e63}</UniqueIdentifier>
    </Filter>
    <Filter Include="Header Files\Rendering\DX">
      <UniqueIdentifier>{a222f19c-f628-4bc3-bd22-fa257280de30}</UniqueIdentifier>
    </Filter>
    <Filter Include="Source Files\Rendering\DX">
      <UniqueIdentifier>{fba6a7ea-a2c7-4306-87a3-feee3b015d21}</UniqueIdentifier>
    </Filter>
  </ItemGroup>
  <ItemGroup>
    <Text Include="ReadMe.txt" />
    <Text Include="Include\Physics\Notes.txt" />
  </ItemGroup>
  <ItemGroup>
    <ClInclude Include="Include\Game.h">
      <Filter>Header Files</Filter>
    </ClInclude>
    <ClInclude Include="Include\GameComponent.h">
      <Filter>Header Files</Filter>
    </ClInclude>
    <ClInclude Include="Include\GameObject.h">
      <Filter>Header Files</Filter>
    </ClInclude>
    <ClInclude Include="Include\Util.h">
      <Filter>Header Files</Filter>
    </ClInclude>
    <ClInclude Include="Include\Debugging\DebugCameraControls.h">
      <Filter>Header Files\Debugging</Filter>
    </ClInclude>
    <ClInclude Include="Include\Input\InputManager.h">
      <Filter>Header Files\Input</Filter>
    </ClInclude>
    <ClInclude Include="Include\Math\Algebra.h">
      <Filter>Header Files\Math</Filter>
    </ClInclude>
    <ClInclude Include="Include\Math\Transform.h">
      <Filter>Header Files\Math</Filter>
    </ClInclude>
    <ClInclude Include="Include\Math\Transformations.h">
      <Filter>Header Files\Math</Filter>
    </ClInclude>
    <ClInclude Include="Include\Rendering\Camera.h">
      <Filter>Header Files\Rendering</Filter>
    </ClInclude>
    <ClInclude Include="Include\Rendering\Image.h">
      <Filter>Header Files\Rendering</Filter>
    </ClInclude>
    <ClInclude Include="Include\Rendering\Light.h">
      <Filter>Header Files\Rendering</Filter>
    </ClInclude>
    <ClInclude Include="Include\Rendering\Material.h">
      <Filter>Header Files\Rendering</Filter>
    </ClInclude>
    <ClInclude Include="Include\Rendering\Mesh.h">
      <Filter>Header Files\Rendering</Filter>
    </ClInclude>
    <ClInclude Include="Include\Rendering\MeshInstance.h">
      <Filter>Header Files\Rendering</Filter>
    </ClInclude>
    <ClInclude Include="Include\Rendering\ModelLoading.h">
      <Filter>Header Files\Rendering</Filter>
    </ClInclude>
    <ClInclude Include="Include\Rendering\RenderManager.h">
      <Filter>Header Files\Rendering</Filter>
    </ClInclude>
    <ClInclude Include="Include\Rendering\ShaderProgram.h">
      <Filter>Header Files\Rendering</Filter>
    </ClInclude>
    <ClInclude Include="Include\Rendering\Texture.h">
      <Filter>Header Files\Rendering</Filter>
    </ClInclude>
    <ClInclude Include="Include\Rendering\Vertex.h">
      <Filter>Header Files\Rendering</Filter>
    </ClInclude>
    <ClInclude Include="Include\Scene\Resource.h">
      <Filter>Header Files\Scene</Filter>
    </ClInclude>
    <ClInclude Include="Include\Scene\ResourceManager.h">
      <Filter>Header Files\Scene</Filter>
    </ClInclude>
    <ClInclude Include="Include\Scene\Scene.h">
      <Filter>Header Files\Scene</Filter>
    </ClInclude>
    <ClInclude Include="Include\Window\GameWindow.h">
      <Filter>Header Files\Window</Filter>
    </ClInclude>
    <ClInclude Include="..\Libraries\tinyxml2\tinyxml2.h">
      <Filter>Libraries</Filter>
    </ClInclude>
    <ClInclude Include="Include\GameProject.h">
      <Filter>Header Files</Filter>
    </ClInclude>
    <ClInclude Include="Include\Math\Raycast.h">
      <Filter>Header Files\Math</Filter>
    </ClInclude>
    <ClInclude Include="Include\Input\GamePad.h">
      <Filter>Header Files\Input</Filter>
    </ClInclude>
    <ClInclude Include="Include\Input\XInputGamePad.h">
      <Filter>Header Files\Input</Filter>
    </ClInclude>
    <ClInclude Include="Include\ToolsideGameComponent.h">
      <Filter>Header Files</Filter>
    </ClInclude>
    <ClInclude Include="Include\GameComponentFactory.h">
      <Filter>Header Files</Filter>
    </ClInclude>
    <ClInclude Include="Include\GameObjectReference.h">
      <Filter>Header Files</Filter>
    </ClInclude>
    <ClInclude Include="Include\ToolsideShaderSchema.h">
      <Filter>Header Files</Filter>
    </ClInclude>
    <ClInclude Include="Include\GameObjectManager.h">
      <Filter>Header Files</Filter>
    </ClInclude>
    <ClInclude Include="Include\ToolsideGameObject.h">
      <Filter>Header Files</Filter>
    </ClInclude>
    <ClInclude Include="Include\GameObjectBase.h">
      <Filter>Header Files</Filter>
    </ClInclude>
    <ClInclude Include="Include\Rendering\Color.h">
      <Filter>Header Files\Rendering</Filter>
    </ClInclude>
    <ClInclude Include="Include\Rendering\DebugDraw.h">
      <Filter>Header Files\Rendering</Filter>
    </ClInclude>
    <ClInclude Include="Include\Debugging\DebugLog.h">
      <Filter>Header Files\Debugging</Filter>
    </ClInclude>
    <ClInclude Include="Include\Input\Input.h">
      <Filter>Header Files\Input</Filter>
    </ClInclude>
    <ClInclude Include="Include\Rendering\GL\GLDebugDraw.h">
      <Filter>Header Files\Rendering\GL</Filter>
    </ClInclude>
    <ClInclude Include="Include\Rendering\GL\GLMaterial.h">
      <Filter>Header Files\Rendering\GL</Filter>
    </ClInclude>
    <ClInclude Include="Include\Rendering\GL\GLRenderManager.h">
      <Filter>Header Files\Rendering\GL</Filter>
    </ClInclude>
    <ClInclude Include="Include\Rendering\GL\GLShaderProgram.h">
      <Filter>Header Files\Rendering\GL</Filter>
    </ClInclude>
    <ClInclude Include="Include\Animation\Joint.h">
      <Filter>Header Files\Animation</Filter>
    </ClInclude>
    <ClInclude Include="Include\Components\ParticleSystem.h">
      <Filter>Header Files\Components</Filter>
    </ClInclude>
    <ClInclude Include="Include\Components\TestComponent.h">
      <Filter>Header Files\Components</Filter>
    </ClInclude>
    <ClInclude Include="Include\Generated\EngineComponentBindings.h">
      <Filter>Header Files\Generated</Filter>
    </ClInclude>
    <ClInclude Include="Include\Math\MathUtil.h">
      <Filter>Header Files\Math</Filter>
    </ClInclude>
    <ClInclude Include="Include\Physics\BoundingSphere.h">
      <Filter>Header Files\Physics</Filter>
    </ClInclude>
    <ClInclude Include="Include\Physics\BVHNode.h">
      <Filter>Header Files\Physics</Filter>
    </ClInclude>
    <ClInclude Include="Include\Physics\CollisionDetection.h">
      <Filter>Header Files\Physics</Filter>
    </ClInclude>
    <ClInclude Include="Include\Physics\Collider.h">
      <Filter>Header Files\Physics</Filter>
    </ClInclude>
    <ClInclude Include="Include\Physics\CollisionEngine.h">
      <Filter>Header Files\Physics</Filter>
    </ClInclude>
    <ClInclude Include="Include\Physics\ForceGenerator.h">
      <Filter>Header Files\Physics</Filter>
    </ClInclude>
    <ClInclude Include="Include\Physics\PhysicsEngine.h">
      <Filter>Header Files\Physics</Filter>
    </ClInclude>
    <ClInclude Include="Include\Physics\RigidBody.h">
      <Filter>Header Files\Physics</Filter>
    </ClInclude>
    <ClInclude Include="Include\Physics\RigidBodyContact.h">
      <Filter>Header Files\Physics</Filter>
    </ClInclude>
    <ClInclude Include="Include\Physics\Particles\EffectParticle.h">
      <Filter>Header Files\Physics\Particles</Filter>
    </ClInclude>
    <ClInclude Include="Include\Physics\Particles\PhysicsParticle.h">
      <Filter>Header Files\Physics\Particles</Filter>
    </ClInclude>
    <ClInclude Include="Include\Serialization\HierarchicalSerializer.h">
      <Filter>Header Files\Serialization</Filter>
    </ClInclude>
    <ClInclude Include="Include\Testing\GraphicsAPI.h">
      <Filter>Header Files\Testing</Filter>
    </ClInclude>
    <ClInclude Include="Include\Testing\GL\GLGraphicsAPI.h">
      <Filter>Header Files\Testing\GL</Filter>
    </ClInclude>
    <ClInclude Include="Include\Testing\DX\DXGraphicsAPI.h">
      <Filter>Header Files\Testing\DX</Filter>
    </ClInclude>
    <ClInclude Include="Include\Rendering\DX\DXDebugDraw.h">
      <Filter>Header Files\Rendering\DX</Filter>
    </ClInclude>
    <ClInclude Include="Include\Rendering\DX\DXMaterial.h">
      <Filter>Header Files\Rendering\DX</Filter>
    </ClInclude>
    <ClInclude Include="Include\Rendering\DX\DXRenderManager.h">
      <Filter>Header Files\Rendering\DX</Filter>
    </ClInclude>
    <ClInclude Include="Include\Rendering\DX\DXShaderProgram.h">
      <Filter>Header Files\Rendering\DX</Filter>
    </ClInclude>
    <ClInclude Include="Include\Rendering\GL\GLMesh.h">
      <Filter>Header Files\Rendering\GL</Filter>
    </ClInclude>
    <ClInclude Include="Include\Rendering\DX\DXMesh.h">
      <Filter>Header Files\Rendering\DX</Filter>
    </ClInclude>
    <ClInclude Include="Include\Rendering\GL\GLTexture.h">
      <Filter>Header Files\Rendering\GL</Filter>
    </ClInclude>
    <ClInclude Include="Include\Rendering\DX\DXTexture.h">
      <Filter>Header Files\Rendering\DX</Filter>
    </ClInclude>
    <ClInclude Include="Include\Input\InputProvider.h">
      <Filter>Header Files\Input</Filter>
    </ClInclude>
  </ItemGroup>
  <ItemGroup>
    <ClCompile Include="Src\Debugging\DebugCameraControls.cpp">
      <Filter>Source Files\Debugging</Filter>
    </ClCompile>
    <ClCompile Include="Src\Math\Algebra.cpp">
      <Filter>Source Files\Math</Filter>
    </ClCompile>
    <ClCompile Include="Src\Math\Transform.cpp">
      <Filter>Source Files\Math</Filter>
    </ClCompile>
    <ClCompile Include="Src\Math\Transformations.cpp">
      <Filter>Source Files\Math</Filter>
    </ClCompile>
    <ClCompile Include="Src\Rendering\Image.cpp">
      <Filter>Source Files\Rendering</Filter>
    </ClCompile>
    <ClCompile Include="Src\Rendering\Light.cpp">
      <Filter>Source Files\Rendering</Filter>
    </ClCompile>
    <ClCompile Include="Src\Rendering\MeshInstance.cpp">
      <Filter>Source Files\Rendering</Filter>
    </ClCompile>
    <ClCompile Include="Src\Rendering\ModelLoading.cpp">
      <Filter>Source Files\Rendering</Filter>
    </ClCompile>
    <ClCompile Include="Src\Rendering\Vertex.cpp">
      <Filter>Source Files\Rendering</Filter>
    </ClCompile>
    <ClCompile Include="Src\Scene\ResourceManager.cpp">
      <Filter>Source Files\Scene</Filter>
    </ClCompile>
    <ClCompile Include="Src\Scene\Scene.cpp">
      <Filter>Source Files\Scene</Filter>
    </ClCompile>
    <ClCompile Include="Src\Game.cpp">
      <Filter>Source Files</Filter>
    </ClCompile>
    <ClCompile Include="Src\GameComponent.cpp">
      <Filter>Source Files</Filter>
    </ClCompile>
    <ClCompile Include="Src\GameObject.cpp">
      <Filter>Source Files</Filter>
    </ClCompile>
    <ClCompile Include="Src\Util.cpp">
      <Filter>Source Files</Filter>
    </ClCompile>
    <ClCompile Include="..\Libraries\tinyxml2\tinyxml2.cpp">
      <Filter>Libraries</Filter>
    </ClCompile>
    <ClCompile Include="Src\GameProject.cpp">
      <Filter>Source Files</Filter>
    </ClCompile>
    <ClCompile Include="Src\Math\Raycast.cpp">
      <Filter>Source Files\Math</Filter>
    </ClCompile>
    <ClCompile Include="Src\Input\GamePad.cpp">
      <Filter>Source Files\Input</Filter>
    </ClCompile>
    <ClCompile Include="Src\Input\XInputGamePad.cpp">
      <Filter>Source Files\Input</Filter>
    </ClCompile>
    <ClCompile Include="Src\ToolsideGameComponent.cpp">
      <Filter>Source Files</Filter>
    </ClCompile>
    <ClCompile Include="Src\GameObjectReference.cpp">
      <Filter>Source Files</Filter>
    </ClCompile>
    <ClCompile Include="Src\ToolsideShaderSchema.cpp">
      <Filter>Source Files</Filter>
    </ClCompile>
    <ClCompile Include="Src\GameObjectManager.cpp">
      <Filter>Source Files</Filter>
    </ClCompile>
    <ClCompile Include="Src\ToolsideGameObject.cpp">
      <Filter>Source Files</Filter>
    </ClCompile>
    <ClCompile Include="Src\GameObjectBase.cpp">
      <Filter>Source Files</Filter>
    </ClCompile>
    <ClCompile Include="Src\Rendering\Color.cpp">
      <Filter>Source Files\Rendering</Filter>
    </ClCompile>
    <ClCompile Include="Src\Debugging\DebugLog.cpp">
      <Filter>Source Files\Debugging</Filter>
    </ClCompile>
    <ClCompile Include="Src\Rendering\GL\GLDebugDraw.cpp">
      <Filter>Source Files\Rendering\GL</Filter>
    </ClCompile>
    <ClCompile Include="Src\Rendering\GL\GLMaterial.cpp">
      <Filter>Source Files\Rendering\GL</Filter>
    </ClCompile>
    <ClCompile Include="Src\Rendering\GL\GLMesh.cpp">
      <Filter>Source Files\Rendering\GL</Filter>
    </ClCompile>
    <ClCompile Include="Src\Rendering\GL\GLRenderManager.cpp">
      <Filter>Source Files\Rendering\GL</Filter>
    </ClCompile>
    <ClCompile Include="Src\Rendering\GL\GLShaderProgram.cpp">
      <Filter>Source Files\Rendering\GL</Filter>
    </ClCompile>
    <ClCompile Include="Src\Rendering\GL\GLTexture.cpp">
      <Filter>Source Files\Rendering\GL</Filter>
    </ClCompile>
    <ClCompile Include="Src\Animation\Joint.cpp">
      <Filter>Source Files\Animation</Filter>
    </ClCompile>
    <ClCompile Include="Src\Components\ParticleSystem.cpp">
      <Filter>Source Files\Components</Filter>
    </ClCompile>
    <ClCompile Include="Src\Components\TestComponent.cpp">
      <Filter>Source Files\Components</Filter>
    </ClCompile>
    <ClCompile Include="Src\Math\MathUtil.cpp">
      <Filter>Source Files\Math</Filter>
    </ClCompile>
    <ClCompile Include="Src\Physics\BoundingSphere.cpp">
      <Filter>Source Files\Physics</Filter>
    </ClCompile>
    <ClCompile Include="Src\Physics\BVHNode.cpp">
      <Filter>Source Files\Physics</Filter>
    </ClCompile>
    <ClCompile Include="Src\Physics\Collider.cpp">
      <Filter>Source Files\Physics</Filter>
    </ClCompile>
    <ClCompile Include="Src\Physics\CollisionDetection.cpp">
      <Filter>Source Files\Physics</Filter>
    </ClCompile>
    <ClCompile Include="Src\Physics\CollisionEngine.cpp">
      <Filter>Source Files\Physics</Filter>
    </ClCompile>
    <ClCompile Include="Src\Physics\ForceGenerator.cpp">
      <Filter>Source Files\Physics</Filter>
    </ClCompile>
    <ClCompile Include="Src\Physics\PhysicsEngine.cpp">
      <Filter>Source Files\Physics</Filter>
    </ClCompile>
    <ClCompile Include="Src\Physics\RigidBody.cpp">
      <Filter>Source Files\Physics</Filter>
    </ClCompile>
    <ClCompile Include="Src\Physics\RigidBodyContact.cpp">
      <Filter>Source Files\Physics</Filter>
    </ClCompile>
    <ClCompile Include="Src\Physics\Particles\EffectParticle.cpp">
      <Filter>Source Files\Physics\Particles</Filter>
    </ClCompile>
    <ClCompile Include="Src\Physics\Particles\PhysicsParticle.cpp">
      <Filter>Source Files\Physics\Particles</Filter>
    </ClCompile>
    <ClCompile Include="Src\Rendering\Camera.cpp">
      <Filter>Source Files\Rendering</Filter>
    </ClCompile>
    <ClCompile Include="Src\Serialization\HierarchicalSerializer.cpp">
      <Filter>Source Files\Serialization</Filter>
    </ClCompile>
    <ClCompile Include="Src\Testing\GL\GLGraphicsAPI.cpp">
      <Filter>Source Files\Testing\GL</Filter>
    </ClCompile>
    <ClCompile Include="Src\Testing\DX\DXGraphicsAPI.cpp">
      <Filter>Source Files\Testing\DX</Filter>
    </ClCompile>
    <ClCompile Include="Src\Rendering\DX\DXDebugDraw.cpp">
      <Filter>Source Files\Rendering\DX</Filter>
    </ClCompile>
    <ClCompile Include="Src\Rendering\DX\DXMaterial.cpp">
      <Filter>Source Files\Rendering\DX</Filter>
    </ClCompile>
    <ClCompile Include="Src\Rendering\DX\DXMesh.cpp">
      <Filter>Source Files\Rendering\DX</Filter>
    </ClCompile>
    <ClCompile Include="Src\Rendering\DX\DXRenderManager.cpp">
      <Filter>Source Files\Rendering\DX</Filter>
    </ClCompile>
    <ClCompile Include="Src\Rendering\DX\DXShaderProgram.cpp">
      <Filter>Source Files\Rendering\DX</Filter>
    </ClCompile>
    <ClCompile Include="Src\Rendering\DX\DXTexture.cpp">
      <Filter>Source Files\Rendering\DX</Filter>
    </ClCompile>
    <ClCompile Include="Src\Input\InputManager.cpp">
      <Filter>Source Files\Input</Filter>
    </ClCompile>
  </ItemGroup>
  <ItemGroup>
    <None Include="Src\Shaders\UnlitUniformColor.frag.glsl">
      <Filter>Source Files\Shaders</Filter>
    </None>
    <None Include="Src\Shaders\UnlitUniformColor.vert.glsl">
      <Filter>Source Files\Shaders</Filter>
    </None>
    <None Include="Src\Shaders\Unlit.frag.glsl">
      <Filter>Source Files\Shaders</Filter>
    </None>
    <None Include="Src\Shaders\Unlit.vert.glsl">
      <Filter>Source Files\Shaders</Filter>
    </None>
  </ItemGroup>
</Project>