<?xml version="1.0" encoding="utf-8"?>
<Project ToolsVersion="4.0" xmlns="http://schemas.microsoft.com/developer/msbuild/2003">
  <ItemGroup>
    <Filter Include="Common">
      <UniqueIdentifier>c001b305-f618-4749-bdce-76a893d42460</UniqueIdentifier>
    </Filter>
    <Filter Include="Assets">
      <UniqueIdentifier>b2ab34ca-c5b4-45f0-8400-cd537b354f76</UniqueIdentifier>
      <Extensions>bmp;fbx;gif;jpg;jpeg;tga;tiff;tif;png</Extensions>
    </Filter>
    <Filter Include="Content">
      <UniqueIdentifier>e19d9892-bf3d-4432-ac35-c4c036a6539d</UniqueIdentifier>
    </Filter>
    <ClInclude Include="Common\DirectXHelper.h">
      <Filter>Common</Filter>
    </ClInclude>
    <ClInclude Include="Common\StepTimer.h">
      <Filter>Common</Filter>
    </ClInclude>
    <ClInclude Include="Common\DeviceResources.h">
      <Filter>Common</Filter>
    </ClInclude>
    <ClCompile Include="Common\DeviceResources.cpp">
      <Filter>Common</Filter>
    </ClCompile>
    <ClInclude Include="Content\Sample3DSceneRenderer.h">
      <Filter>Content</Filter>
    </ClInclude>
    <ClInclude Include="Content\SampleFpsTextRenderer.h">
      <Filter>Content</Filter>
    </ClInclude>
    <ClInclude Include="Content\ShaderStructures.h">
      <Filter>Content</Filter>
    </ClInclude>
    <ClCompile Include="Content\Sample3DSceneRenderer.cpp">
      <Filter>Content</Filter>
    </ClCompile>
    <ClCompile Include="Content\SampleFpsTextRenderer.cpp">
      <Filter>Content</Filter>
    </ClCompile>
    <FxCompile Include="Content\SamplePixelShader.hlsl">
      <Filter>Content</Filter>
    </FxCompile>
    <FxCompile Include="Content\SampleVertexShader.hlsl">
      <Filter>Content</Filter>
    </FxCompile>
    <Image Include="Assets\LockScreenLogo.scale-200.png">
      <Filter>Assets</Filter>
    </Image>
    <Image Include="Assets\SplashScreen.scale-200.png">
      <Filter>Assets</Filter>
    </Image>
    <Image Include="Assets\Square150x150Logo.scale-200.png">
      <Filter>Assets</Filter>
    </Image>
    <Image Include="Assets\Square44x44Logo.scale-200.png">
      <Filter>Assets</Filter>
    </Image>
    <Image Include="Assets\Square44x44Logo.targetsize-24_altform-unplated.png">
      <Filter>Assets</Filter>
    </Image>
    <Image Include="Assets\Wide310x150Logo.scale-200.png">
      <Filter>Assets</Filter>
    </Image>
    <Filter Include="Generated">
      <UniqueIdentifier>{2a9c40cf-5f03-4264-9359-70867bc14399}</UniqueIdentifier>
    </Filter>
    <Filter Include="Scripts">
      <UniqueIdentifier>{b53014c2-becd-4e0f-9da0-47d52437e350}</UniqueIdentifier>
    </Filter>
  </ItemGroup>
  <ItemGroup>
    <ClCompile Include="App.cpp" />
    <ClCompile Include="GameDXMain.cpp" />
    <ClCompile Include="pch.cpp" />
    <ClCompile Include="Common\DXGameWindow.cpp">
      <Filter>Common</Filter>
    </ClCompile>
    <ClCompile Include="Assets\Scripts\Bouncer.cpp">
      <Filter>Scripts</Filter>
    </ClCompile>
    <ClCompile Include="Assets\Scripts\CameraControls.cpp">
      <Filter>Scripts</Filter>
    </ClCompile>
    <ClCompile Include="Assets\Scripts\FooComponent.cpp">
      <Filter>Scripts</Filter>
    </ClCompile>
    <ClCompile Include="Assets\Scripts\Roller.cpp">
      <Filter>Scripts</Filter>
    </ClCompile>
    <ClCompile Include="Assets\Scripts\SpinningComponent.cpp">
      <Filter>Scripts</Filter>
    </ClCompile>
    <ClCompile Include="Assets\Scripts\Translator.cpp">
      <Filter>Scripts</Filter>
    </ClCompile>
  </ItemGroup>
  <ItemGroup>
    <ClInclude Include="App.h" />
    <ClInclude Include="GameDXMain.h" />
    <ClInclude Include="pch.h" />
    <ClInclude Include="Common\DXGameWindow.h">
      <Filter>Common</Filter>
    </ClInclude>
    <ClInclude Include="Generated Files\GameComponentBindings.h">
      <Filter>Generated</Filter>
    </ClInclude>
    <ClInclude Include="Assets\Scripts\Bouncer.h">
      <Filter>Scripts</Filter>
    </ClInclude>
    <ClInclude Include="Assets\Scripts\CameraControls.h">
      <Filter>Scripts</Filter>
    </ClInclude>
    <ClInclude Include="Assets\Scripts\FooComponent.h">
      <Filter>Scripts</Filter>
    </ClInclude>
    <ClInclude Include="Assets\Scripts\Roller.h">
      <Filter>Scripts</Filter>
    </ClInclude>
    <ClInclude Include="Assets\Scripts\SpinningComponent.h">
      <Filter>Scripts</Filter>
    </ClInclude>
    <ClInclude Include="Assets\Scripts\Translator.h">
      <Filter>Scripts</Filter>
    </ClInclude>
  </ItemGroup>
  <ItemGroup>
    <Image Include="Assets\StoreLogo.png">
      <Filter>Assets</Filter>
    </Image>
  </ItemGroup>
  <ItemGroup>
    <AppxManifest Include="Package.appxmanifest" />
  </ItemGroup>
</Project>