<?xml version="1.0" encoding="utf-8"?>
<Project ToolsVersion="4.0" xmlns="http://schemas.microsoft.com/developer/msbuild/2003">
  <ItemGroup>
    <Filter Include="Source Files">
      <UniqueIdentifier>{4FC737F1-C7A5-4376-A066-2A32D752A2FF}</UniqueIdentifier>
      <Extensions>cpp;c;cc;cxx;def;odl;idl;hpj;bat;asm;asmx</Extensions>
    </Filter>
    <Filter Include="Header Files">
      <UniqueIdentifier>{93995380-89BD-4b04-88EB-625FBE52EBFB}</UniqueIdentifier>
      <Extensions>h;hpp;hxx;hm;inl;inc;xsd</Extensions>
    </Filter>
    <Filter Include="Resource Files">
      <UniqueIdentifier>{67DA6AB6-F800-4c08-8B7A-83BB121AAD01}</UniqueIdentifier>
      <Extensions>rc;ico;cur;bmp;dlg;rc2;rct;bin;rgs;gif;jpg;jpeg;jpe;resx;tiff;tif;png;wav;mfcribbon-ms</Extensions>
    </Filter>
    <Filter Include="Engine">
      <UniqueIdentifier>{af39ce51-7014-405f-bcbc-a74550bdbc0f}</UniqueIdentifier>
    </Filter>
    <Filter Include="Engine\Headers">
      <UniqueIdentifier>{5021df40-5210-44fa-8e41-58402e9af6c4}</UniqueIdentifier>
    </Filter>
    <Filter Include="Engine\Source">
      <UniqueIdentifier>{41edd2e3-e5db-4b8e-970d-9884ac237b61}</UniqueIdentifier>
    </Filter>
    <Filter Include="Engine\Source\Math">
      <UniqueIdentifier>{c65181d2-d081-4761-9704-067cf2b58600}</UniqueIdentifier>
    </Filter>
  </ItemGroup>
  <ItemGroup>
    <Text Include="ReadMe.txt" />
    <Text Include="TODO.txt">
      <Filter>Source Files</Filter>
    </Text>
  </ItemGroup>
  <ItemGroup>
    <ClInclude Include="targetver.h">
      <Filter>Header Files</Filter>
    </ClInclude>
    <ClInclude Include="Engine\Algebra.h">
      <Filter>Engine\Headers</Filter>
    </ClInclude>
    <ClInclude Include="Engine\SceneNode.h">
      <Filter>Engine\Headers</Filter>
    </ClInclude>
    <ClInclude Include="Engine\Primitive.h">
      <Filter>Engine\Headers</Filter>
    </ClInclude>
    <ClInclude Include="Engine\Util.h">
      <Filter>Engine\Headers</Filter>
    </ClInclude>
    <ClInclude Include="Engine\Math\Algebra.h">
      <Filter>Engine\Source\Math</Filter>
    </ClInclude>
    <ClInclude Include="Engine\Math\Transformations.h">
      <Filter>Engine\Source\Math</Filter>
    </ClInclude>
  </ItemGroup>
  <ItemGroup>
    <ClCompile Include="main.cpp">
      <Filter>Source Files</Filter>
    </ClCompile>
    <ClCompile Include="Engine\SceneNode.cpp">
      <Filter>Engine\Source</Filter>
    </ClCompile>
    <ClCompile Include="Engine\Primitive.cpp">
      <Filter>Engine\Source</Filter>
    </ClCompile>
    <ClCompile Include="Engine\Util.cpp">
      <Filter>Engine\Source</Filter>
    </ClCompile>
    <ClCompile Include="Engine\Math\Algebra.cpp">
      <Filter>Engine\Source\Math</Filter>
    </ClCompile>
    <ClCompile Include="Engine\Math\Transformations.cpp">
      <Filter>Engine\Source\Math</Filter>
    </ClCompile>
  </ItemGroup>
  <ItemGroup>
    <None Include="VertexTest.glsl">
      <Filter>Source Files</Filter>
    </None>
    <None Include="FragmentTest.glsl">
      <Filter>Source Files</Filter>
    </None>
  </ItemGroup>
</Project>